
Microsoft Visual Studio Solution File, Format Version 12.00
# Visual Studio 2013
VisualStudioVersion = 12.0.21005.1
MinimumVisualStudioVersion = 10.0.40219.1
Project("{2150E333-8FDC-42A3-9474-1A3956D46DE8}") = "Model", "Model", "{195B0F22-04A4-4FF5-8FBC-2E4331B2F7F6}"
EndProject
Project("{FAE04EC0-301F-11D3-BF4B-00C04F79EFBC}") = "AccountSystem.Models", "Model\AccountSystem.Models\AccountSystem.Models.csproj", "{938C4882-BE72-4B46-A219-0EED55384B52}"
EndProject
Project("{2150E333-8FDC-42A3-9474-1A3956D46DE8}") = "Data", "Data", "{2FA88825-AB06-4548-BAFA-83789BC80F9C}"
EndProject
Project("{FAE04EC0-301F-11D3-BF4B-00C04F79EFBC}") = "AccountSystem.Data", "Data\AccountSystem.Data\AccountSystem.Data.csproj", "{E2BC2C40-7603-4841-8CFE-6675F800A8B0}"
EndProject
Project("{2150E333-8FDC-42A3-9474-1A3956D46DE8}") = "Web", "Web", "{4193356E-1F63-4624-9C8A-1813996C7F9B}"
EndProject
Project("{FAE04EC0-301F-11D3-BF4B-00C04F79EFBC}") = "AccountSystem.Web", "Web\AccountSystem.Web\AccountSystem.Web.csproj", "{D037037A-23E7-4301-A9CD-6C831E04920F}"
EndProject
Project("{FAE04EC0-301F-11D3-BF4B-00C04F79EFBC}") = "AccountSystem.Common", "AccountSystem.Common\AccountSystem.Common.csproj", "{CC58CA33-F00D-465C-B070-F6703577F1D3}"
EndProject
Global
	GlobalSection(SolutionConfigurationPlatforms) = preSolution
		Debug|Any CPU = Debug|Any CPU
		Release|Any CPU = Release|Any CPU
	EndGlobalSection
	GlobalSection(ProjectConfigurationPlatforms) = postSolution
		{938C4882-BE72-4B46-A219-0EED55384B52}.Debug|Any CPU.ActiveCfg = Debug|Any CPU
		{938C4882-BE72-4B46-A219-0EED55384B52}.Debug|Any CPU.Build.0 = Debug|Any CPU
		{938C4882-BE72-4B46-A219-0EED55384B52}.Release|Any CPU.ActiveCfg = Release|Any CPU
		{938C4882-BE72-4B46-A219-0EED55384B52}.Release|Any CPU.Build.0 = Release|Any CPU
		{E2BC2C40-7603-4841-8CFE-6675F800A8B0}.Debug|Any CPU.ActiveCfg = Debug|Any CPU
		{E2BC2C40-7603-4841-8CFE-6675F800A8B0}.Debug|Any CPU.Build.0 = Debug|Any CPU
		{E2BC2C40-7603-4841-8CFE-6675F800A8B0}.Release|Any CPU.ActiveCfg = Release|Any CPU
		{E2BC2C40-7603-4841-8CFE-6675F800A8B0}.Release|Any CPU.Build.0 = Release|Any CPU
		{D037037A-23E7-4301-A9CD-6C831E04920F}.Debug|Any CPU.ActiveCfg = Debug|Any CPU
		{D037037A-23E7-4301-A9CD-6C831E04920F}.Debug|Any CPU.Build.0 = Debug|Any CPU
		{D037037A-23E7-4301-A9CD-6C831E04920F}.Release|Any CPU.ActiveCfg = Release|Any CPU
		{D037037A-23E7-4301-A9CD-6C831E04920F}.Release|Any CPU.Build.0 = Release|Any CPU
		{CC58CA33-F00D-465C-B070-F6703577F1D3}.Debug|Any CPU.ActiveCfg = Debug|Any CPU
		{CC58CA33-F00D-465C-B070-F6703577F1D3}.Debug|Any CPU.Build.0 = Debug|Any CPU
		{CC58CA33-F00D-465C-B070-F6703577F1D3}.Release|Any CPU.ActiveCfg = Release|Any CPU
		{CC58CA33-F00D-465C-B070-F6703577F1D3}.Release|Any CPU.Build.0 = Release|Any CPU
	EndGlobalSection
	GlobalSection(SolutionProperties) = preSolution
		HideSolutionNode = FALSE
	EndGlobalSection
	GlobalSection(NestedProjects) = preSolution
		{938C4882-BE72-4B46-A219-0EED55384B52} = {195B0F22-04A4-4FF5-8FBC-2E4331B2F7F6}
		{E2BC2C40-7603-4841-8CFE-6675F800A8B0} = {2FA88825-AB06-4548-BAFA-83789BC80F9C}
		{D037037A-23E7-4301-A9CD-6C831E04920F} = {4193356E-1F63-4624-9C8A-1813996C7F9B}
	EndGlobalSection
EndGlobal
